<?xml version="1.0" encoding="UTF-8" standalone="yes" ?>
<CodeBlocks_project_file>
	<FileVersion major="1" minor="6" />
	<Project>
		<Option title="FaceRecognition" />
		<Option pch_mode="2" />
		<Option compiler="gcc" />
		<Build>
			<Target title="Debug">
				<Option output="bin/Debug/FaceRecognition" prefix_auto="1" extension_auto="1" />
				<Option object_output="obj/Debug/" />
				<Option type="1" />
				<Option compiler="gcc" />
				<Compiler>
					<Add option="-g" />
					<Add directory="include" />
				</Compiler>
			</Target>
			<Target title="Release">
				<Option output="bin/Release/FaceRecognition" prefix_auto="1" extension_auto="1" />
				<Option object_output="obj/Release/" />
				<Option type="1" />
				<Option compiler="gcc" />
				<Compiler>
					<Add option="-O2" />
					<Add directory="include" />
				</Compiler>
				<Linker>
					<Add option="-s" />
				</Linker>
			</Target>
		</Build>
		<Compiler>
			<Add option="-O3" />
			<Add option="-Wall" />
			<Add option="-fexceptions" />
			<Add option="-Wno-unknown-pragmas" />
			<Add directory="/usr/include/opencv4" />
			<Add directory="/usr/local/include/ncnn" />
		</Compiler>
		<Linker>
			<Add option="-fopenmp" />
			<Add option="`pkg-config --libs --cflags opencv4`" />
			<Add option="-ldl" />
			<Add option="-lpthread" />
			<Add library="/usr/local/lib/ncnn/libncnn.a" />
			<Add library="/usr/lib/aarch64-linux-gnu/libvulkan.so" />
			<Add library="/usr/local/lib/ncnn/libglslang.a" />
			<Add library="/usr/local/lib/ncnn/libOGLCompiler.a" />
			<Add library="/usr/local/lib/ncnn/libOSDependent.a" />
			<Add library="/usr/local/lib/ncnn/libSPIRV.a" />
			<Add directory="/usr/local/lib/" />
			<Add directory="/usr/lib/" />
		</Linker>
		<Unit filename="include/TArcface.h" />
		<Unit filename="include/TBlur.h" />
		<Unit filename="include/TLive.h" />
		<Unit filename="include/TMtCNN.h" />
		<Unit filename="include/TRetina.h" />
		<Unit filename="include/TWarp.h" />
		<Unit filename="src/TArcface.cpp" />
		<Unit filename="src/TBlur.cpp" />
		<Unit filename="src/TLive.cpp" />
		<Unit filename="src/TMtCNN.cpp" />
		<Unit filename="src/TRetina.cpp" />
		<Unit filename="src/TWarp.cpp" />
		<Unit filename="src/main.cpp" />
		<Extensions>
			<code_completion />
			<debugger />
			<envvars />
		</Extensions>
	</Project>
</CodeBlocks_project_file>
